# THIS IS AN AUTOGENERATED FILE. DO NOT EDIT THIS FILE DIRECTLY.
# yarn lockfile v1


"@azure/functions@^3.0.0":
  version "3.0.0"
  resolved "https://registry.yarnpkg.com/@azure/functions/-/functions-3.0.0.tgz#1466371562591d17232d39eea2126fb5deb60beb"
  integrity sha512-nxOdQdYoy9JEdAPsQlBWavsRvbH5qT2fpwMcY64s1sLIT8QwtW7ebh/MJNgzeAac+JaC6IED7plDiizq8oZUNw==

"@types/node@17.0.26":
  version "17.0.26"
  resolved "https://registry.yarnpkg.com/@types/node/-/node-17.0.26.tgz#1bbff9b23ee5a64f87b4f30c0c854b112ee2e635"
  integrity sha512-z/FG/6DUO7pnze3AE3TBGIjGGKkvCcGcWINe1C7cADY8hKLJPDYpzsNE37uExQ4md5RFtTCvg+M8Mu1Enyeg2A==

node-fetch@2.6.1:
  version "2.6.1"
  resolved "https://registry.yarnpkg.com/node-fetch/-/node-fetch-2.6.1.tgz#045bd323631f76ed2e2b55573394416b639a0052"
  integrity sha512-V4aYg89jEoVRxRb2fJdAg8FHvI7cEyYdVAh94HH0UIK8oJxUfkjlDQN9RbMx+bEjP7+ggMiFRprSti032Oipxw==

typescript@^4.6.3:
  version "4.6.3"
  resolved "https://registry.yarnpkg.com/typescript/-/typescript-4.6.3.tgz#eefeafa6afdd31d725584c67a0eaba80f6fc6c6c"
  integrity sha512-yNIatDa5iaofVozS/uQJEl3JRWLKKGJKh6Yaiv0GLGSuhpFJe7P3SbHZ8/yjAHRQwKRoA6YZqlfjXWmVzoVSMw==
