# THIS IS AN AUTOGENERATED FILE. DO NOT EDIT THIS FILE DIRECTLY.
# yarn lockfile v1


"@azure/functions@^1.2.2":
  version "1.2.2"
  resolved "https://registry.yarnpkg.com/@azure/functions/-/functions-1.2.2.tgz#8fcb6aa3a879d3be0dc3d68919f969b054bbe3f3"
  integrity sha512-p/dDHq1sG/iAib+eDY4NxskWHoHW1WFzD85s0SfWxc2wVjJbxB0xz/zBF4s7ymjVgTu+0ceipeBk+tmpnt98oA==

"@types/node@14.14.9":
  version "14.14.9"
  resolved "https://registry.yarnpkg.com/@types/node/-/node-14.14.9.tgz#04afc9a25c6ff93da14deabd65dc44485b53c8d6"
  integrity sha512-JsoLXFppG62tWTklIoO4knA+oDTYsmqWxHRvd4lpmfQRNhX6osheUOWETP2jMoV/2bEHuMra8Pp3Dmo/stBFcw==

node-fetch@2.6.0:
  version "2.6.0"
  resolved "https://registry.yarnpkg.com/node-fetch/-/node-fetch-2.6.0.tgz#e633456386d4aa55863f676a7ab0daa8fdecb0fd"
  integrity sha512-8dG4H5ujfvFiqDmVu9fQ5bOHUC15JMjMY/Zumv26oOvvVJjM67KF8koCWIabKQ1GJIa9r2mMZscBq/TbdOcmNA==

typescript@^3.3.3:
  version "3.5.3"
  resolved "https://registry.yarnpkg.com/typescript/-/typescript-3.5.3.tgz#c830f657f93f1ea846819e929092f5fe5983e977"
  integrity sha512-ACzBtm/PhXBDId6a6sDJfroT2pOWt/oOnk4/dElG5G33ZL776N3Y6/6bKZJBFpd+b05F3Ct9qDjMeJmRWtE2/g==
